// !$*UTF8*$!
{
	archiveVersion = 1;
	classes = {
	};
	objectVersion = 55;
	objects = {

/* Begin PBXBuildFile section */
		4EDD1D3A28B896AE00F2C23F /* AppDelegate.swift in Sources */ = {isa = PBXBuildFile; fileRef = 4EDD1D3928B896AE00F2C23F /* AppDelegate.swift */; };
		4EDD1D3C28B896AE00F2C23F /* SceneDelegate.swift in Sources */ = {isa = PBXBuildFile; fileRef = 4EDD1D3B28B896AE00F2C23F /* SceneDelegate.swift */; };
		4EDD1D3E28B896AE00F2C23F /* ViewController.swift in Sources */ = {isa = PBXBuildFile; fileRef = 4EDD1D3D28B896AE00F2C23F /* ViewController.swift */; };
		4EDD1D4128B896AE00F2C23F /* Main.storyboard in Resources */ = {isa = PBXBuildFile; fileRef = 4EDD1D3F28B896AE00F2C23F /* Main.storyboard */; };
		4EDD1D4428B896AE00F2C23F /* GiorgiPilishvili_Homework26.xcdatamodeld in Sources */ = {isa = PBXBuildFile; fileRef = 4EDD1D4228B896AE00F2C23F /* GiorgiPilishvili_Homework26.xcdatamodeld */; };
		4EDD1D4628B896B100F2C23F /* Assets.xcassets in Resources */ = {isa = PBXBuildFile; fileRef = 4EDD1D4528B896B100F2C23F /* Assets.xcassets */; };
		4EDD1D4928B896B100F2C23F /* LaunchScreen.storyboard in Resources */ = {isa = PBXBuildFile; fileRef = 4EDD1D4728B896B100F2C23F /* LaunchScreen.storyboard */; };
/* End PBXBuildFile section */

/* Begin PBXFileReference section */
		4EDD1D3628B896AE00F2C23F /* GiorgiPilishvili_Homework26.app */ = {isa = PBXFileReference; explicitFileType = wrapper.application; includeInIndex = 0; path = GiorgiPilishvili_Homework26.app; sourceTree = BUILT_PRODUCTS_DIR; };
		4EDD1D3928B896AE00F2C23F /* AppDelegate.swift */ = {isa = PBXFileReference; lastKnownFileType = sourcecode.swift; path = AppDelegate.swift; sourceTree = "<group>"; };
		4EDD1D3B28B896AE00F2C23F /* SceneDelegate.swift */ = {isa = PBXFileReference; lastKnownFileType = sourcecode.swift; path = SceneDelegate.swift; sourceTree = "<group>"; };
		4EDD1D3D28B896AE00F2C23F /* ViewController.swift */ = {isa = PBXFileReference; lastKnownFileType = sourcecode.swift; path = ViewController.swift; sourceTree = "<group>"; };
		4EDD1D4028B896AE00F2C23F /* Base */ = {isa = PBXFileReference; lastKnownFileType = file.storyboard; name = Base; path = Base.lproj/Main.storyboard; sourceTree = "<group>"; };
		4EDD1D4328B896AE00F2C23F /* GiorgiPilishvili_Homework26.xcdatamodel */ = {isa = PBXFileReference; lastKnownFileType = wrapper.xcdatamodel; path = GiorgiPilishvili_Homework26.xcdatamodel; sourceTree = "<group>"; };
		4EDD1D4528B896B100F2C23F /* Assets.xcassets */ = {isa = PBXFileReference; lastKnownFileType = folder.assetcatalog; path = Assets.xcassets; sourceTree = "<group>"; };
		4EDD1D4828B896B100F2C23F /* Base */ = {isa = PBXFileReference; lastKnownFileType = file.storyboard; name = Base; path = Base.lproj/LaunchScreen.storyboard; sourceTree = "<group>"; };
		4EDD1D4A28B896B100F2C23F /* Info.plist */ = {isa = PBXFileReference; lastKnownFileType = text.plist.xml; path = Info.plist; sourceTree = "<group>"; };
/* End PBXFileReference section */

/* Begin PBXFrameworksBuildPhase section */
		4EDD1D3328B896AE00F2C23F /* Frameworks */ = {
			isa = PBXFrameworksBuildPhase;
			buildActionMask = 2147483647;
			files = (
			);
			runOnlyForDeploymentPostprocessing = 0;
		};
/* End PBXFrameworksBuildPhase section */

/* Begin PBXGroup section */
		4EDD1D2D28B896AE00F2C23F = {
			isa = PBXGroup;
			children = (
				4EDD1D3828B896AE00F2C23F /* GiorgiPilishvili_Homework26 */,
				4EDD1D3728B896AE00F2C23F /* Products */,
			);
			sourceTree = "<group>";
		};
		4EDD1D3728B896AE00F2C23F /* Products */ = {
			isa = PBXGroup;
			children = (
				4EDD1D3628B896AE00F2C23F /* GiorgiPilishvili_Homework26.app */,
			);
			name = Products;
			sourceTree = "<group>";
		};
		4EDD1D3828B896AE00F2C23F /* GiorgiPilishvili_Homework26 */ = {
			isa = PBXGroup;
			children = (
				4EDD1D3928B896AE00F2C23F /* AppDelegate.swift */,
				4EDD1D3B28B896AE00F2C23F /* SceneDelegate.swift */,
				4EDD1D3D28B896AE00F2C23F /* ViewController.swift */,
				4EDD1D3F28B896AE00F2C23F /* Main.storyboard */,
				4EDD1D4528B896B100F2C23F /* Assets.xcassets */,
				4EDD1D4728B896B100F2C23F /* LaunchScreen.storyboard */,
				4EDD1D4A28B896B100F2C23F /* Info.plist */,
				4EDD1D4228B896AE00F2C23F /* GiorgiPilishvili_Homework26.xcdatamodeld */,
			);
			path = GiorgiPilishvili_Homework26;
			sourceTree = "<group>";
		};
/* End PBXGroup section */

/* Begin PBXNativeTarget section */
		4EDD1D3528B896AE00F2C23F /* GiorgiPilishvili_Homework26 */ = {
			isa = PBXNativeTarget;
			buildConfigurationList = 4EDD1D4D28B896B100F2C23F /* Build configuration list for PBXNativeTarget "GiorgiPilishvili_Homework26" */;
			buildPhases = (
				4EDD1D3228B896AE00F2C23F /* Sources */,
				4EDD1D3328B896AE00F2C23F /* Frameworks */,
				4EDD1D3428B896AE00F2C23F /* Resources */,
			);
			buildRules = (
			);
			dependencies = (
			);
			name = GiorgiPilishvili_Homework26;
			productName = GiorgiPilishvili_Homework26;
			productReference = 4EDD1D3628B896AE00F2C23F /* GiorgiPilishvili_Homework26.app */;
			productType = "com.apple.product-type.application";
		};
/* End PBXNativeTarget section */

/* Begin PBXProject section */
		4EDD1D2E28B896AE00F2C23F /* Project object */ = {
			isa = PBXProject;
			attributes = {
				BuildIndependentTargetsInParallel = 1;
				LastSwiftUpdateCheck = 1340;
				LastUpgradeCheck = 1340;
				TargetAttributes = {
					4EDD1D3528B896AE00F2C23F = {
						CreatedOnToolsVersion = 13.4.1;
					};
				};
			};
			buildConfigurationList = 4EDD1D3128B896AE00F2C23F /* Build configuration list for PBXProject "GiorgiPilishvili_Homework26" */;
			compatibilityVersion = "Xcode 13.0";
			developmentRegion = en;
			hasScannedForEncodings = 0;
			knownRegions = (
				en,
				Base,
			);
			mainGroup = 4EDD1D2D28B896AE00F2C23F;
			productRefGroup = 4EDD1D3728B896AE00F2C23F /* Products */;
			projectDirPath = "";
			projectRoot = "";
			targets = (
				4EDD1D3528B896AE00F2C23F /* GiorgiPilishvili_Homework26 */,
			);
		};
/* End PBXProject section */

/* Begin PBXResourcesBuildPhase section */
		4EDD1D3428B896AE00F2C23F /* Resources */ = {
			isa = PBXResourcesBuildPhase;
			buildActionMask = 2147483647;
			files = (
				4EDD1D4928B896B100F2C23F /* LaunchScreen.storyboard in Resources */,
				4EDD1D4628B896B100F2C23F /* Assets.xcassets in Resources */,
				4EDD1D4128B896AE00F2C23F /* Main.storyboard in Resources */,
			);
			runOnlyForDeploymentPostprocessing = 0;
		};
/* End PBXResourcesBuildPhase section */

/* Begin PBXSourcesBuildPhase section */
		4EDD1D3228B896AE00F2C23F /* Sources */ = {
			isa = PBXSourcesBuildPhase;
			buildActionMask = 2147483647;
			files = (
				4EDD1D3E28B896AE00F2C23F /* ViewController.swift in Sources */,
				4EDD1D4428B896AE00F2C23F /* GiorgiPilishvili_Homework26.xcdatamodeld in Sources */,
				4EDD1D3A28B896AE00F2C23F /* AppDelegate.swift in Sources */,
				4EDD1D3C28B896AE00F2C23F /* SceneDelegate.swift in Sources */,
			);
			runOnlyForDeploymentPostprocessing = 0;
		};
/* End PBXSourcesBuildPhase section */

/* Begin PBXVariantGroup section */
		4EDD1D3F28B896AE00F2C23F /* Main.storyboard */ = {
			isa = PBXVariantGroup;
			children = (
				4EDD1D4028B896AE00F2C23F /* Base */,
			);
			name = Main.storyboard;
			sourceTree = "<group>";
		};
		4EDD1D4728B896B100F2C23F /* LaunchScreen.storyboard */ = {
			isa = PBXVariantGroup;
			children = (
				4EDD1D4828B896B100F2C23F /* Base */,
			);
			name = LaunchScreen.storyboard;
			sourceTree = "<group>";
		};
/* End PBXVariantGroup section */

/* Begin XCBuildConfiguration section */
		4EDD1D4B28B896B100F2C23F /* Debug */ = {
			isa = XCBuildConfiguration;
			buildSettings = {
				ALWAYS_SEARCH_USER_PATHS = NO;
				CLANG_ANALYZER_NONNULL = YES;
				CLANG_ANALYZER_NUMBER_OBJECT_CONVERSION = YES_AGGRESSIVE;
				CLANG_CXX_LANGUAGE_STANDARD = "gnu++17";
				CLANG_ENABLE_MODULES = YES;
				CLANG_ENABLE_OBJC_ARC = YES;
				CLANG_ENABLE_OBJC_WEAK = YES;
				CLANG_WARN_BLOCK_CAPTURE_AUTORELEASING = YES;
				CLANG_WARN_BOOL_CONVERSION = YES;
				CLANG_WARN_COMMA = YES;
				CLANG_WARN_CONSTANT_CONVERSION = YES;
				CLANG_WARN_DEPRECATED_OBJC_IMPLEMENTATIONS = YES;
				CLANG_WARN_DIRECT_OBJC_ISA_USAGE = YES_ERROR;
				CLANG_WARN_DOCUMENTATION_COMMENTS = YES;
				CLANG_WARN_EMPTY_BODY = YES;
				CLANG_WARN_ENUM_CONVERSION = YES;
				CLANG_WARN_INFINITE_RECURSION = YES;
				CLANG_WARN_INT_CONVERSION = YES;
				CLANG_WARN_NON_LITERAL_NULL_CONVERSION = YES;
				CLANG_WARN_OBJC_IMPLICIT_RETAIN_SELF = YES;
				CLANG_WARN_OBJC_LITERAL_CONVERSION = YES;
				CLANG_WARN_OBJC_ROOT_CLASS = YES_ERROR;
				CLANG_WARN_QUOTED_INCLUDE_IN_FRAMEWORK_HEADER = YES;
				CLANG_WARN_RANGE_LOOP_ANALYSIS = YES;
				CLANG_WARN_STRICT_PROTOTYPES = YES;
				CLANG_WARN_SUSPICIOUS_MOVE = YES;
				CLANG_WARN_UNGUARDED_AVAILABILITY = YES_AGGRESSIVE;
				CLANG_WARN_UNREACHABLE_CODE = YES;
				CLANG_WARN__DUPLICATE_METHOD_MATCH = YES;
				COPY_PHASE_STRIP = NO;
				DEBUG_INFORMATION_FORMAT = dwarf;
				ENABLE_STRICT_OBJC_MSGSEND = YES;
				ENABLE_TESTABILITY = YES;
				GCC_C_LANGUAGE_STANDARD = gnu11;
				GCC_DYNAMIC_NO_PIC = NO;
				GCC_NO_COMMON_BLOCKS = YES;
				GCC_OPTIMIZATION_LEVEL = 0;
				GCC_PREPROCESSOR_DEFINITIONS = (
					"DEBUG=1",
					"$(inherited)",
				);
				GCC_WARN_64_TO_32_BIT_CONVERSION = YES;
				GCC_WARN_ABOUT_RETURN_TYPE = YES_ERROR;
				GCC_WARN_UNDECLARED_SELECTOR = YES;
				GCC_WARN_UNINITIALIZED_AUTOS = YES_AGGRESSIVE;
				GCC_WARN_UNUSED_FUNCTION = YES;
				GCC_WARN_UNUSED_VARIABLE = YES;
				IPHONEOS_DEPLOYMENT_TARGET = 15.5;
				MTL_ENABLE_DEBUG_INFO = INCLUDE_SOURCE;
				MTL_FAST_MATH = YES;
				ONLY_ACTIVE_ARCH = YES;
				SDKROOT = iphoneos;
				SWIFT_ACTIVE_COMPILATION_CONDITIONS = DEBUG;
				SWIFT_OPTIMIZATION_LEVEL = "-Onone";
			};
			name = Debug;
		};
		4EDD1D4C28B896B100F2C23F /* Release */ = {
			isa = XCBuildConfiguration;
			buildSettings = {
				ALWAYS_SEARCH_USER_PATHS = NO;
				CLANG_ANALYZER_NONNULL = YES;
				CLANG_ANALYZER_NUMBER_OBJECT_CONVERSION = YES_AGGRESSIVE;
				CLANG_CXX_LANGUAGE_STANDARD = "gnu++17";
				CLANG_ENABLE_MODULES = YES;
				CLANG_ENABLE_OBJC_ARC = YES;
				CLANG_ENABLE_OBJC_WEAK = YES;
				CLANG_WARN_BLOCK_CAPTURE_AUTORELEASING = YES;
				CLANG_WARN_BOOL_CONVERSION = YES;
				CLANG_WARN_COMMA = YES;
				CLANG_WARN_CONSTANT_CONVERSION = YES;
				CLANG_WARN_DEPRECATED_OBJC_IMPLEMENTATIONS = YES;
				CLANG_WARN_DIRECT_OBJC_ISA_USAGE = YES_ERROR;
				CLANG_WARN_DOCUMENTATION_COMMENTS = YES;
				CLANG_WARN_EMPTY_BODY = YES;
				CLANG_WARN_ENUM_CONVERSION = YES;
				CLANG_WARN_INFINITE_RECURSION = YES;
				CLANG_WARN_INT_CONVERSION = YES;
				CLANG_WARN_NON_LITERAL_NULL_CONVERSION = YES;
				CLANG_WARN_OBJC_IMPLICIT_RETAIN_SELF = YES;
				CLANG_WARN_OBJC_LITERAL_CONVERSION = YES;
				CLANG_WARN_OBJC_ROOT_CLASS = YES_ERROR;
				CLANG_WARN_QUOTED_INCLUDE_IN_FRAMEWORK_HEADER = YES;
				CLANG_WARN_RANGE_LOOP_ANALYSIS = YES;
				CLANG_WARN_STRICT_PROTOTYPES = YES;
				CLANG_WARN_SUSPICIOUS_MOVE = YES;
				CLANG_WARN_UNGUARDED_AVAILABILITY = YES_AGGRESSIVE;
				CLANG_WARN_UNREACHABLE_CODE = YES;
				CLANG_WARN__DUPLICATE_METHOD_MATCH = YES;
				COPY_PHASE_STRIP = NO;
				DEBUG_INFORMATION_FORMAT = "dwarf-with-dsym";
				ENABLE_NS_ASSERTIONS = NO;
				ENABLE_STRICT_OBJC_MSGSEND = YES;
				GCC_C_LANGUAGE_STANDARD = gnu11;
				GCC_NO_COMMON_BLOCKS = YES;
				GCC_WARN_64_TO_32_BIT_CONVERSION = YES;
				GCC_WARN_ABOUT_RETURN_TYPE = YES_ERROR;
				GCC_WARN_UNDECLARED_SELECTOR = YES;
				GCC_WARN_UNINITIALIZED_AUTOS = YES_AGGRESSIVE;
				GCC_WARN_UNUSED_FUNCTION = YES;
				GCC_WARN_UNUSED_VARIABLE = YES;
				IPHONEOS_DEPLOYMENT_TARGET = 15.5;
				MTL_ENABLE_DEBUG_INFO = NO;
				MTL_FAST_MATH = YES;
				SDKROOT = iphoneos;
				SWIFT_COMPILATION_MODE = wholemodule;
				SWIFT_OPTIMIZATION_LEVEL = "-O";
				VALIDATE_PRODUCT = YES;
			};
			name = Release;
		};
		4EDD1D4E28B896B100F2C23F /* Debug */ = {
			isa = XCBuildConfiguration;
			buildSettings = {
				ASSETCATALOG_COMPILER_APPICON_NAME = AppIcon;
				ASSETCATALOG_COMPILER_GLOBAL_ACCENT_COLOR_NAME = AccentColor;
				CODE_SIGN_STYLE = Automatic;
				CURRENT_PROJECT_VERSION = 1;
				DEVELOPMENT_TEAM = DGB3TFY4QM;
				GENERATE_INFOPLIST_FILE = YES;
				INFOPLIST_FILE = GiorgiPilishvili_Homework26/Info.plist;
				INFOPLIST_KEY_UIApplicationSupportsIndirectInputEvents = YES;
				INFOPLIST_KEY_UILaunchStoryboardName = LaunchScreen;
				INFOPLIST_KEY_UIMainStoryboardFile = Main;
				INFOPLIST_KEY_UISupportedInterfaceOrientations_iPad = "UIInterfaceOrientationPortrait UIInterfaceOrientationPortraitUpsideDown UIInterfaceOrientationLandscapeLeft UIInterfaceOrientationLandscapeRight";
				INFOPLIST_KEY_UISupportedInterfaceOrientations_iPhone = "UIInterfaceOrientationPortrait UIInterfaceOrientationLandscapeLeft UIInterfaceOrientationLandscapeRight";
				LD_RUNPATH_SEARCH_PATHS = (
					"$(inherited)",
					"@executable_path/Frameworks",
				);
				MARKETING_VERSION = 1.0;
				PRODUCT_BUNDLE_IDENTIFIER = "com.learn.GiorgiPilishvili-Homework26";
				PRODUCT_NAME = "$(TARGET_NAME)";
				SWIFT_EMIT_LOC_STRINGS = YES;
				SWIFT_VERSION = 5.0;
				TARGETED_DEVICE_FAMILY = "1,2";
			};
			name = Debug;
		};
		4EDD1D4F28B896B100F2C23F /* Release */ = {
			isa = XCBuildConfiguration;
			buildSettings = {
				ASSETCATALOG_COMPILER_APPICON_NAME = AppIcon;
				ASSETCATALOG_COMPILER_GLOBAL_ACCENT_COLOR_NAME = AccentColor;
				CODE_SIGN_STYLE = Automatic;
				CURRENT_PROJECT_VERSION = 1;
				DEVELOPMENT_TEAM = DGB3TFY4QM;
				GENERATE_INFOPLIST_FILE = YES;
				INFOPLIST_FILE = GiorgiPilishvili_Homework26/Info.plist;
				INFOPLIST_KEY_UIApplicationSupportsIndirectInputEvents = YES;
				INFOPLIST_KEY_UILaunchStoryboardName = LaunchScreen;
				INFOPLIST_KEY_UIMainStoryboardFile = Main;
				INFOPLIST_KEY_UISupportedInterfaceOrientations_iPad = "UIInterfaceOrientationPortrait UIInterfaceOrientationPortraitUpsideDown UIInterfaceOrientationLandscapeLeft UIInterfaceOrientationLandscapeRight";
				INFOPLIST_KEY_UISupportedInterfaceOrientations_iPhone = "UIInterfaceOrientationPortrait UIInterfaceOrientationLandscapeLeft UIInterfaceOrientationLandscapeRight";
				LD_RUNPATH_SEARCH_PATHS = (
					"$(inherited)",
					"@executable_path/Frameworks",
				);
				MARKETING_VERSION = 1.0;
				PRODUCT_BUNDLE_IDENTIFIER = "com.learn.GiorgiPilishvili-Homework26";
				PRODUCT_NAME = "$(TARGET_NAME)";
				SWIFT_EMIT_LOC_STRINGS = YES;
				SWIFT_VERSION = 5.0;
				TARGETED_DEVICE_FAMILY = "1,2";
			};
			name = Release;
		};
/* End XCBuildConfiguration section */

/* Begin XCConfigurationList section */
		4EDD1D3128B896AE00F2C23F /* Build configuration list for PBXProject "GiorgiPilishvili_Homework26" */ = {
			isa = XCConfigurationList;
			buildConfigurations = (
				4EDD1D4B28B896B100F2C23F /* Debug */,
				4EDD1D4C28B896B100F2C23F /* Release */,
			);
			defaultConfigurationIsVisible = 0;
			defaultConfigurationName = Release;
		};
		4EDD1D4D28B896B100F2C23F /* Build configuration list for PBXNativeTarget "GiorgiPilishvili_Homework26" */ = {
			isa = XCConfigurationList;
			buildConfigurations = (
				4EDD1D4E28B896B100F2C23F /* Debug */,
				4EDD1D4F28B896B100F2C23F /* Release */,
			);
			defaultConfigurationIsVisible = 0;
			defaultConfigurationName = Release;
		};
/* End XCConfigurationList section */

/* Begin XCVersionGroup section */
		4EDD1D4228B896AE00F2C23F /* GiorgiPilishvili_Homework26.xcdatamodeld */ = {
			isa = XCVersionGroup;
			children = (
				4EDD1D4328B896AE00F2C23F /* GiorgiPilishvili_Homework26.xcdatamodel */,
			);
			currentVersion = 4EDD1D4328B896AE00F2C23F /* GiorgiPilishvili_Homework26.xcdatamodel */;
			path = GiorgiPilishvili_Homework26.xcdatamodeld;
			sourceTree = "<group>";
			versionGroupType = wrapper.xcdatamodel;
		};
/* End XCVersionGroup section */
	};
	rootObject = 4EDD1D2E28B896AE00F2C23F /* Project object */;
}
